
Microsoft Visual Studio Solution File, Format Version 12.00
# Visual Studio Version 17
VisualStudioVersion = 17.14.36203.30
MinimumVisualStudioVersion = 10.0.40219.1
Project("{FAE04EC0-301F-11D3-BF4B-00C04F79EFBC}") = "Chips", "Chips\Chips.csproj", "{D6FBD679-659F-4D64-86C3-137E55DD6196}"
EndProject
Project("{FAE04EC0-301F-11D3-BF4B-00C04F79EFBC}") = "Fake64", "Fake64\Fake64.csproj", "{35C96A19-4C73-6A15-3BF7-6515DC644DDD}"
EndProject
Global
	GlobalSection(SolutionConfigurationPlatforms) = preSolution
		Debug|Any CPU = Debug|Any CPU
		Release|Any CPU = Release|Any CPU
	EndGlobalSection
	GlobalSection(ProjectConfigurationPlatforms) = postSolution
		{D6FBD679-659F-4D64-86C3-137E55DD6196}.Debug|Any CPU.ActiveCfg = Debug|Any CPU
		{D6FBD679-659F-4D64-86C3-137E55DD6196}.Debug|Any CPU.Build.0 = Debug|Any CPU
		{D6FBD679-659F-4D64-86C3-137E55DD6196}.Release|Any CPU.ActiveCfg = Release|Any CPU
		{D6FBD679-659F-4D64-86C3-137E55DD6196}.Release|Any CPU.Build.0 = Release|Any CPU
		{35C96A19-4C73-6A15-3BF7-6515DC644DDD}.Debug|Any CPU.ActiveCfg = Debug|Any CPU
		{35C96A19-4C73-6A15-3BF7-6515DC644DDD}.Debug|Any CPU.Build.0 = Debug|Any CPU
		{35C96A19-4C73-6A15-3BF7-6515DC644DDD}.Release|Any CPU.ActiveCfg = Release|Any CPU
		{35C96A19-4C73-6A15-3BF7-6515DC644DDD}.Release|Any CPU.Build.0 = Release|Any CPU
	EndGlobalSection
	GlobalSection(SolutionProperties) = preSolution
		HideSolutionNode = FALSE
	EndGlobalSection
	GlobalSection(ExtensibilityGlobals) = postSolution
		SolutionGuid = {EE0BD219-9366-4AC5-A913-2BDB0E75BF13}
	EndGlobalSection
EndGlobal
